// !$*UTF8*$!
{
	archiveVersion = 1;
	classes = {
	};
	objectVersion = 48;
	objects = {

/* Begin PBXBuildFile section */
		6E1EDDC61FD3A6240062DBBE /* AppDelegate.swift in Sources */ = {isa = PBXBuildFile; fileRef = 6E1EDDC51FD3A6240062DBBE /* AppDelegate.swift */; };
		6E1EDDCD1FD3A6240062DBBE /* Main.storyboard in Resources */ = {isa = PBXBuildFile; fileRef = 6E1EDDCB1FD3A6240062DBBE /* Main.storyboard */; };
		6E1EDDCF1FD3A6240062DBBE /* Assets.xcassets in Resources */ = {isa = PBXBuildFile; fileRef = 6E1EDDCE1FD3A6240062DBBE /* Assets.xcassets */; };
		6E1EDDD21FD3A6240062DBBE /* LaunchScreen.storyboard in Resources */ = {isa = PBXBuildFile; fileRef = 6E1EDDD01FD3A6240062DBBE /* LaunchScreen.storyboard */; };
		6E1EDDFE1FD3C6530062DBBE /* ViewController.swift in Sources */ = {isa = PBXBuildFile; fileRef = 6E1EDDFD1FD3C6530062DBBE /* ViewController.swift */; };
		6E1EDE001FD3C8970062DBBE /* RoundedShadowView.swift in Sources */ = {isa = PBXBuildFile; fileRef = 6E1EDDFF1FD3C8970062DBBE /* RoundedShadowView.swift */; };
		6E1EDE021FD3D2620062DBBE /* RoundedShadowButton.swift in Sources */ = {isa = PBXBuildFile; fileRef = 6E1EDE011FD3D2620062DBBE /* RoundedShadowButton.swift */; };
		6E1EDE041FD3D2CB0062DBBE /* RoundedShadowImage.swift in Sources */ = {isa = PBXBuildFile; fileRef = 6E1EDE031FD3D2CB0062DBBE /* RoundedShadowImage.swift */; };
		6E9A96751FD4C52400052C17 /* SqueezeNet.mlmodel in Sources */ = {isa = PBXBuildFile; fileRef = 6E9A96741FD4C52400052C17 /* SqueezeNet.mlmodel */; };
		6E9A96771FD4CA4A00052C17 /* MobileNet.mlmodel in Sources */ = {isa = PBXBuildFile; fileRef = 6E9A96761FD4CA4A00052C17 /* MobileNet.mlmodel */; };
/* End PBXBuildFile section */

/* Begin PBXFileReference section */
		6E1EDDC21FD3A6240062DBBE /* SayIt.app */ = {isa = PBXFileReference; explicitFileType = wrapper.application; includeInIndex = 0; path = SayIt.app; sourceTree = BUILT_PRODUCTS_DIR; };
		6E1EDDC51FD3A6240062DBBE /* AppDelegate.swift */ = {isa = PBXFileReference; lastKnownFileType = sourcecode.swift; path = AppDelegate.swift; sourceTree = "<group>"; };
		6E1EDDCC1FD3A6240062DBBE /* Base */ = {isa = PBXFileReference; lastKnownFileType = file.storyboard; name = Base; path = Base.lproj/Main.storyboard; sourceTree = "<group>"; };
		6E1EDDCE1FD3A6240062DBBE /* Assets.xcassets */ = {isa = PBXFileReference; lastKnownFileType = folder.assetcatalog; path = Assets.xcassets; sourceTree = "<group>"; };
		6E1EDDD11FD3A6240062DBBE /* Base */ = {isa = PBXFileReference; lastKnownFileType = file.storyboard; name = Base; path = Base.lproj/LaunchScreen.storyboard; sourceTree = "<group>"; };
		6E1EDDD31FD3A6240062DBBE /* Info.plist */ = {isa = PBXFileReference; lastKnownFileType = text.plist.xml; path = Info.plist; sourceTree = "<group>"; };
		6E1EDDFD1FD3C6530062DBBE /* ViewController.swift */ = {isa = PBXFileReference; lastKnownFileType = sourcecode.swift; path = ViewController.swift; sourceTree = "<group>"; };
		6E1EDDFF1FD3C8970062DBBE /* RoundedShadowView.swift */ = {isa = PBXFileReference; lastKnownFileType = sourcecode.swift; path = RoundedShadowView.swift; sourceTree = "<group>"; };
		6E1EDE011FD3D2620062DBBE /* RoundedShadowButton.swift */ = {isa = PBXFileReference; lastKnownFileType = sourcecode.swift; path = RoundedShadowButton.swift; sourceTree = "<group>"; };
		6E1EDE031FD3D2CB0062DBBE /* RoundedShadowImage.swift */ = {isa = PBXFileReference; lastKnownFileType = sourcecode.swift; path = RoundedShadowImage.swift; sourceTree = "<group>"; };
		6E9A96741FD4C52400052C17 /* SqueezeNet.mlmodel */ = {isa = PBXFileReference; lastKnownFileType = file.mlmodel; path = SqueezeNet.mlmodel; sourceTree = "<group>"; };
		6E9A96761FD4CA4A00052C17 /* MobileNet.mlmodel */ = {isa = PBXFileReference; lastKnownFileType = file.mlmodel; path = MobileNet.mlmodel; sourceTree = "<group>"; };
/* End PBXFileReference section */

/* Begin PBXFrameworksBuildPhase section */
		6E1EDDBF1FD3A6240062DBBE /* Frameworks */ = {
			isa = PBXFrameworksBuildPhase;
			buildActionMask = 2147483647;
			files = (
			);
			runOnlyForDeploymentPostprocessing = 0;
		};
/* End PBXFrameworksBuildPhase section */

/* Begin PBXGroup section */
		6E1EDDB91FD3A6240062DBBE = {
			isa = PBXGroup;
			children = (
				6E1EDDC41FD3A6240062DBBE /* SayIt */,
				6E1EDDC31FD3A6240062DBBE /* Products */,
			);
			sourceTree = "<group>";
		};
		6E1EDDC31FD3A6240062DBBE /* Products */ = {
			isa = PBXGroup;
			children = (
				6E1EDDC21FD3A6240062DBBE /* SayIt.app */,
			);
			name = Products;
			sourceTree = "<group>";
		};
		6E1EDDC41FD3A6240062DBBE /* SayIt */ = {
			isa = PBXGroup;
			children = (
				6E1EDDDB1FD3BC3F0062DBBE /* View */,
				6E1EDDDA1FD3BC270062DBBE /* Controller */,
				6E1EDDD91FD3BBFA0062DBBE /* Resources */,
				6E1EDDC51FD3A6240062DBBE /* AppDelegate.swift */,
				6E1EDDFD1FD3C6530062DBBE /* ViewController.swift */,
				6E1EDDCB1FD3A6240062DBBE /* Main.storyboard */,
				6E1EDDCE1FD3A6240062DBBE /* Assets.xcassets */,
				6E1EDDD01FD3A6240062DBBE /* LaunchScreen.storyboard */,
				6E1EDDD31FD3A6240062DBBE /* Info.plist */,
			);
			path = SayIt;
			sourceTree = "<group>";
		};
		6E1EDDD91FD3BBFA0062DBBE /* Resources */ = {
			isa = PBXGroup;
			children = (
				6E9A96741FD4C52400052C17 /* SqueezeNet.mlmodel */,
				6E9A96761FD4CA4A00052C17 /* MobileNet.mlmodel */,
			);
			path = Resources;
			sourceTree = "<group>";
		};
		6E1EDDDA1FD3BC270062DBBE /* Controller */ = {
			isa = PBXGroup;
			children = (
			);
			path = Controller;
			sourceTree = "<group>";
		};
		6E1EDDDB1FD3BC3F0062DBBE /* View */ = {
			isa = PBXGroup;
			children = (
				6E1EDDFF1FD3C8970062DBBE /* RoundedShadowView.swift */,
				6E1EDE031FD3D2CB0062DBBE /* RoundedShadowImage.swift */,
				6E1EDE011FD3D2620062DBBE /* RoundedShadowButton.swift */,
			);
			path = View;
			sourceTree = "<group>";
		};
/* End PBXGroup section */

/* Begin PBXNativeTarget section */
		6E1EDDC11FD3A6240062DBBE /* SayIt */ = {
			isa = PBXNativeTarget;
			buildConfigurationList = 6E1EDDD61FD3A6240062DBBE /* Build configuration list for PBXNativeTarget "SayIt" */;
			buildPhases = (
				6E1EDDBE1FD3A6240062DBBE /* Sources */,
				6E1EDDBF1FD3A6240062DBBE /* Frameworks */,
				6E1EDDC01FD3A6240062DBBE /* Resources */,
			);
			buildRules = (
			);
			dependencies = (
			);
			name = SayIt;
			productName = SayIt;
			productReference = 6E1EDDC21FD3A6240062DBBE /* SayIt.app */;
			productType = "com.apple.product-type.application";
		};
/* End PBXNativeTarget section */

/* Begin PBXProject section */
		6E1EDDBA1FD3A6240062DBBE /* Project object */ = {
			isa = PBXProject;
			attributes = {
				LastSwiftUpdateCheck = 0900;
				LastUpgradeCheck = 0900;
				ORGANIZATIONNAME = "Ahmed AlOtaibi";
				TargetAttributes = {
					6E1EDDC11FD3A6240062DBBE = {
						CreatedOnToolsVersion = 9.0;
						ProvisioningStyle = Automatic;
					};
				};
			};
			buildConfigurationList = 6E1EDDBD1FD3A6240062DBBE /* Build configuration list for PBXProject "SayIt" */;
			compatibilityVersion = "Xcode 8.0";
			developmentRegion = en;
			hasScannedForEncodings = 0;
			knownRegions = (
				en,
				Base,
			);
			mainGroup = 6E1EDDB91FD3A6240062DBBE;
			productRefGroup = 6E1EDDC31FD3A6240062DBBE /* Products */;
			projectDirPath = "";
			projectRoot = "";
			targets = (
				6E1EDDC11FD3A6240062DBBE /* SayIt */,
			);
		};
/* End PBXProject section */

/* Begin PBXResourcesBuildPhase section */
		6E1EDDC01FD3A6240062DBBE /* Resources */ = {
			isa = PBXResourcesBuildPhase;
			buildActionMask = 2147483647;
			files = (
				6E1EDDD21FD3A6240062DBBE /* LaunchScreen.storyboard in Resources */,
				6E1EDDCF1FD3A6240062DBBE /* Assets.xcassets in Resources */,
				6E1EDDCD1FD3A6240062DBBE /* Main.storyboard in Resources */,
			);
			runOnlyForDeploymentPostprocessing = 0;
		};
/* End PBXResourcesBuildPhase section */

/* Begin PBXSourcesBuildPhase section */
		6E1EDDBE1FD3A6240062DBBE /* Sources */ = {
			isa = PBXSourcesBuildPhase;
			buildActionMask = 2147483647;
			files = (
				6E1EDDFE1FD3C6530062DBBE /* ViewController.swift in Sources */,
				6E9A96751FD4C52400052C17 /* SqueezeNet.mlmodel in Sources */,
				6E1EDDC61FD3A6240062DBBE /* AppDelegate.swift in Sources */,
				6E1EDE001FD3C8970062DBBE /* RoundedShadowView.swift in Sources */,
				6E9A96771FD4CA4A00052C17 /* MobileNet.mlmodel in Sources */,
				6E1EDE021FD3D2620062DBBE /* RoundedShadowButton.swift in Sources */,
				6E1EDE041FD3D2CB0062DBBE /* RoundedShadowImage.swift in Sources */,
			);
			runOnlyForDeploymentPostprocessing = 0;
		};
/* End PBXSourcesBuildPhase section */

/* Begin PBXVariantGroup section */
		6E1EDDCB1FD3A6240062DBBE /* Main.storyboard */ = {
			isa = PBXVariantGroup;
			children = (
				6E1EDDCC1FD3A6240062DBBE /* Base */,
			);
			name = Main.storyboard;
			sourceTree = "<group>";
		};
		6E1EDDD01FD3A6240062DBBE /* LaunchScreen.storyboard */ = {
			isa = PBXVariantGroup;
			children = (
				6E1EDDD11FD3A6240062DBBE /* Base */,
			);
			name = LaunchScreen.storyboard;
			sourceTree = "<group>";
		};
/* End PBXVariantGroup section */

/* Begin XCBuildConfiguration section */
		6E1EDDD41FD3A6240062DBBE /* Debug */ = {
			isa = XCBuildConfiguration;
			buildSettings = {
				ALWAYS_SEARCH_USER_PATHS = NO;
				CLANG_ANALYZER_NONNULL = YES;
				CLANG_ANALYZER_NUMBER_OBJECT_CONVERSION = YES_AGGRESSIVE;
				CLANG_CXX_LANGUAGE_STANDARD = "gnu++14";
				CLANG_CXX_LIBRARY = "libc++";
				CLANG_ENABLE_MODULES = YES;
				CLANG_ENABLE_OBJC_ARC = YES;
				CLANG_WARN_BLOCK_CAPTURE_AUTORELEASING = YES;
				CLANG_WARN_BOOL_CONVERSION = YES;
				CLANG_WARN_COMMA = YES;
				CLANG_WARN_CONSTANT_CONVERSION = YES;
				CLANG_WARN_DIRECT_OBJC_ISA_USAGE = YES_ERROR;
				CLANG_WARN_DOCUMENTATION_COMMENTS = YES;
				CLANG_WARN_EMPTY_BODY = YES;
				CLANG_WARN_ENUM_CONVERSION = YES;
				CLANG_WARN_INFINITE_RECURSION = YES;
				CLANG_WARN_INT_CONVERSION = YES;
				CLANG_WARN_NON_LITERAL_NULL_CONVERSION = YES;
				CLANG_WARN_OBJC_LITERAL_CONVERSION = YES;
				CLANG_WARN_OBJC_ROOT_CLASS = YES_ERROR;
				CLANG_WARN_RANGE_LOOP_ANALYSIS = YES;
				CLANG_WARN_STRICT_PROTOTYPES = YES;
				CLANG_WARN_SUSPICIOUS_MOVE = YES;
				CLANG_WARN_UNGUARDED_AVAILABILITY = YES_AGGRESSIVE;
				CLANG_WARN_UNREACHABLE_CODE = YES;
				CLANG_WARN__DUPLICATE_METHOD_MATCH = YES;
				CODE_SIGN_IDENTITY = "iPhone Developer";
				COPY_PHASE_STRIP = NO;
				DEBUG_INFORMATION_FORMAT = dwarf;
				ENABLE_STRICT_OBJC_MSGSEND = YES;
				ENABLE_TESTABILITY = YES;
				GCC_C_LANGUAGE_STANDARD = gnu11;
				GCC_DYNAMIC_NO_PIC = NO;
				GCC_NO_COMMON_BLOCKS = YES;
				GCC_OPTIMIZATION_LEVEL = 0;
				GCC_PREPROCESSOR_DEFINITIONS = (
					"DEBUG=1",
					"$(inherited)",
				);
				GCC_WARN_64_TO_32_BIT_CONVERSION = YES;
				GCC_WARN_ABOUT_RETURN_TYPE = YES_ERROR;
				GCC_WARN_UNDECLARED_SELECTOR = YES;
				GCC_WARN_UNINITIALIZED_AUTOS = YES_AGGRESSIVE;
				GCC_WARN_UNUSED_FUNCTION = YES;
				GCC_WARN_UNUSED_VARIABLE = YES;
				IPHONEOS_DEPLOYMENT_TARGET = 11.0;
				MTL_ENABLE_DEBUG_INFO = YES;
				ONLY_ACTIVE_ARCH = YES;
				SDKROOT = iphoneos;
				SWIFT_ACTIVE_COMPILATION_CONDITIONS = DEBUG;
				SWIFT_OPTIMIZATION_LEVEL = "-Onone";
			};
			name = Debug;
		};
		6E1EDDD51FD3A6240062DBBE /* Release */ = {
			isa = XCBuildConfiguration;
			buildSettings = {
				ALWAYS_SEARCH_USER_PATHS = NO;
				CLANG_ANALYZER_NONNULL = YES;
				CLANG_ANALYZER_NUMBER_OBJECT_CONVERSION = YES_AGGRESSIVE;
				CLANG_CXX_LANGUAGE_STANDARD = "gnu++14";
				CLANG_CXX_LIBRARY = "libc++";
				CLANG_ENABLE_MODULES = YES;
				CLANG_ENABLE_OBJC_ARC = YES;
				CLANG_WARN_BLOCK_CAPTURE_AUTORELEASING = YES;
				CLANG_WARN_BOOL_CONVERSION = YES;
				CLANG_WARN_COMMA = YES;
				CLANG_WARN_CONSTANT_CONVERSION = YES;
				CLANG_WARN_DIRECT_OBJC_ISA_USAGE = YES_ERROR;
				CLANG_WARN_DOCUMENTATION_COMMENTS = YES;
				CLANG_WARN_EMPTY_BODY = YES;
				CLANG_WARN_ENUM_CONVERSION = YES;
				CLANG_WARN_INFINITE_RECURSION = YES;
				CLANG_WARN_INT_CONVERSION = YES;
				CLANG_WARN_NON_LITERAL_NULL_CONVERSION = YES;
				CLANG_WARN_OBJC_LITERAL_CONVERSION = YES;
				CLANG_WARN_OBJC_ROOT_CLASS = YES_ERROR;
				CLANG_WARN_RANGE_LOOP_ANALYSIS = YES;
				CLANG_WARN_STRICT_PROTOTYPES = YES;
				CLANG_WARN_SUSPICIOUS_MOVE = YES;
				CLANG_WARN_UNGUARDED_AVAILABILITY = YES_AGGRESSIVE;
				CLANG_WARN_UNREACHABLE_CODE = YES;
				CLANG_WARN__DUPLICATE_METHOD_MATCH = YES;
				CODE_SIGN_IDENTITY = "iPhone Developer";
				COPY_PHASE_STRIP = NO;
				DEBUG_INFORMATION_FORMAT = "dwarf-with-dsym";
				ENABLE_NS_ASSERTIONS = NO;
				ENABLE_STRICT_OBJC_MSGSEND = YES;
				GCC_C_LANGUAGE_STANDARD = gnu11;
				GCC_NO_COMMON_BLOCKS = YES;
				GCC_WARN_64_TO_32_BIT_CONVERSION = YES;
				GCC_WARN_ABOUT_RETURN_TYPE = YES_ERROR;
				GCC_WARN_UNDECLARED_SELECTOR = YES;
				GCC_WARN_UNINITIALIZED_AUTOS = YES_AGGRESSIVE;
				GCC_WARN_UNUSED_FUNCTION = YES;
				GCC_WARN_UNUSED_VARIABLE = YES;
				IPHONEOS_DEPLOYMENT_TARGET = 11.0;
				MTL_ENABLE_DEBUG_INFO = NO;
				SDKROOT = iphoneos;
				SWIFT_OPTIMIZATION_LEVEL = "-Owholemodule";
				VALIDATE_PRODUCT = YES;
			};
			name = Release;
		};
		6E1EDDD71FD3A6240062DBBE /* Debug */ = {
			isa = XCBuildConfiguration;
			buildSettings = {
				ASSETCATALOG_COMPILER_APPICON_NAME = AppIcon;
				CODE_SIGN_STYLE = Automatic;
				DEVELOPMENT_TEAM = F6MEPN664T;
				INFOPLIST_FILE = SayIt/Info.plist;
				LD_RUNPATH_SEARCH_PATHS = "$(inherited) @executable_path/Frameworks";
				PRODUCT_BUNDLE_IDENTIFIER = com.ahmedot.SayIt;
				PRODUCT_NAME = "$(TARGET_NAME)";
				SWIFT_VERSION = 4.0;
				TARGETED_DEVICE_FAMILY = "1,2";
			};
			name = Debug;
		};
		6E1EDDD81FD3A6240062DBBE /* Release */ = {
			isa = XCBuildConfiguration;
			buildSettings = {
				ASSETCATALOG_COMPILER_APPICON_NAME = AppIcon;
				CODE_SIGN_STYLE = Automatic;
				DEVELOPMENT_TEAM = F6MEPN664T;
				INFOPLIST_FILE = SayIt/Info.plist;
				LD_RUNPATH_SEARCH_PATHS = "$(inherited) @executable_path/Frameworks";
				PRODUCT_BUNDLE_IDENTIFIER = com.ahmedot.SayIt;
				PRODUCT_NAME = "$(TARGET_NAME)";
				SWIFT_VERSION = 4.0;
				TARGETED_DEVICE_FAMILY = "1,2";
			};
			name = Release;
		};
/* End XCBuildConfiguration section */

/* Begin XCConfigurationList section */
		6E1EDDBD1FD3A6240062DBBE /* Build configuration list for PBXProject "SayIt" */ = {
			isa = XCConfigurationList;
			buildConfigurations = (
				6E1EDDD41FD3A6240062DBBE /* Debug */,
				6E1EDDD51FD3A6240062DBBE /* Release */,
			);
			defaultConfigurationIsVisible = 0;
			defaultConfigurationName = Release;
		};
		6E1EDDD61FD3A6240062DBBE /* Build configuration list for PBXNativeTarget "SayIt" */ = {
			isa = XCConfigurationList;
			buildConfigurations = (
				6E1EDDD71FD3A6240062DBBE /* Debug */,
				6E1EDDD81FD3A6240062DBBE /* Release */,
			);
			defaultConfigurationIsVisible = 0;
			defaultConfigurationName = Release;
		};
/* End XCConfigurationList section */
	};
	rootObject = 6E1EDDBA1FD3A6240062DBBE /* Project object */;
}
